// !$*UTF8*$!
{
	archiveVersion = 1;
	classes = {
	};
	objectVersion = 50;
	objects = {

/* Begin PBXBuildFile section */
		32098DC320F5DC2400D4E0A5 /* PagesCounter.swift in Sources */ = {isa = PBXBuildFile; fileRef = 32098DC220F5DC2400D4E0A5 /* PagesCounter.swift */; };
		323419DB20F7380000F0399D /* ImagePreviewViewController.swift in Sources */ = {isa = PBXBuildFile; fileRef = 323419DA20F7380000F0399D /* ImagePreviewViewController.swift */; };
		324BCE4F20F8DDAD009C8D09 /* FullScreenControllerProtocol.swift in Sources */ = {isa = PBXBuildFile; fileRef = 324BCE4E20F8DDAD009C8D09 /* FullScreenControllerProtocol.swift */; };
		326F5DD420FC828100D53495 /* PreviewBarProtocol.swift in Sources */ = {isa = PBXBuildFile; fileRef = 326F5DD320FC828100D53495 /* PreviewBarProtocol.swift */; };
		32AEB2A020FE094300ABFB69 /* FSIViewControllerDelegate.swift in Sources */ = {isa = PBXBuildFile; fileRef = 32AEB29F20FE094300ABFB69 /* FSIViewControllerDelegate.swift */; };
		32B3835D20F38D900047B658 /* topBar.xib in Resources */ = {isa = PBXBuildFile; fileRef = 32B3835C20F38D900047B658 /* topBar.xib */; };
		32B3835F20F392FD0047B658 /* TopBar.swift in Sources */ = {isa = PBXBuildFile; fileRef = 32B3835E20F392FD0047B658 /* TopBar.swift */; };
		32D4548420F6472100341C57 /* botomBar.xib in Resources */ = {isa = PBXBuildFile; fileRef = 32D4548320F6472100341C57 /* botomBar.xib */; };
		32D4548620F649D200341C57 /* BottomBar.swift in Sources */ = {isa = PBXBuildFile; fileRef = 32D4548520F649D200341C57 /* BottomBar.swift */; };
		32D59FD320EF4614007EEB88 /* CGSize.swift in Sources */ = {isa = PBXBuildFile; fileRef = 32D59FD220EF4614007EEB88 /* CGSize.swift */; };
		32D59FDA20EF87BC007EEB88 /* PreviewBar.swift in Sources */ = {isa = PBXBuildFile; fileRef = 32D59FD920EF87BC007EEB88 /* PreviewBar.swift */; };
		32E42CB120EE5E360078E3D7 /* ScrollView.swift in Sources */ = {isa = PBXBuildFile; fileRef = 32E42CB020EE5E360078E3D7 /* ScrollView.swift */; };
		32E42CB320EE5F220078E3D7 /* ImageViewExtension.swift in Sources */ = {isa = PBXBuildFile; fileRef = 32E42CB220EE5F220078E3D7 /* ImageViewExtension.swift */; };
		32F5D9EE20E240580029D8EF /* AppDelegate.swift in Sources */ = {isa = PBXBuildFile; fileRef = 32F5D9ED20E240580029D8EF /* AppDelegate.swift */; };
		32F5D9F020E240580029D8EF /* ViewController.swift in Sources */ = {isa = PBXBuildFile; fileRef = 32F5D9EF20E240580029D8EF /* ViewController.swift */; };
		32F5D9F320E240580029D8EF /* Main.storyboard in Resources */ = {isa = PBXBuildFile; fileRef = 32F5D9F120E240580029D8EF /* Main.storyboard */; };
		32F5D9F520E2405A0029D8EF /* Assets.xcassets in Resources */ = {isa = PBXBuildFile; fileRef = 32F5D9F420E2405A0029D8EF /* Assets.xcassets */; };
		32F5D9F820E2405A0029D8EF /* LaunchScreen.storyboard in Resources */ = {isa = PBXBuildFile; fileRef = 32F5D9F620E2405A0029D8EF /* LaunchScreen.storyboard */; };
		32F5DA0020E257800029D8EF /* ApodDAO.swift in Sources */ = {isa = PBXBuildFile; fileRef = 32F5D9FF20E257800029D8EF /* ApodDAO.swift */; };
		32F5DA0220E2584A0029D8EF /* ApodData.swift in Sources */ = {isa = PBXBuildFile; fileRef = 32F5DA0120E2584A0029D8EF /* ApodData.swift */; };
		32F5DA0420E25E950029D8EF /* ApodDAOImpl.swift in Sources */ = {isa = PBXBuildFile; fileRef = 32F5DA0320E25E950029D8EF /* ApodDAOImpl.swift */; };
		32F5DA0820E27E6D0029D8EF /* FullScreenImageViewController.swift in Sources */ = {isa = PBXBuildFile; fileRef = 32F5DA0620E27E6D0029D8EF /* FullScreenImageViewController.swift */; };
		32F5DA0920E27E6D0029D8EF /* FullScreenImageViewController.xib in Resources */ = {isa = PBXBuildFile; fileRef = 32F5DA0720E27E6D0029D8EF /* FullScreenImageViewController.xib */; };
		4453191368C9D3364A0BD5FD /* Pods_nasa_api.framework in Frameworks */ = {isa = PBXBuildFile; fileRef = C576D9E65153545657CF4F03 /* Pods_nasa_api.framework */; };
/* End PBXBuildFile section */

/* Begin PBXFileReference section */
		32098DC220F5DC2400D4E0A5 /* PagesCounter.swift */ = {isa = PBXFileReference; lastKnownFileType = sourcecode.swift; path = PagesCounter.swift; sourceTree = "<group>"; };
		323419DA20F7380000F0399D /* ImagePreviewViewController.swift */ = {isa = PBXFileReference; lastKnownFileType = sourcecode.swift; path = ImagePreviewViewController.swift; sourceTree = "<group>"; };
		324BCE4E20F8DDAD009C8D09 /* FullScreenControllerProtocol.swift */ = {isa = PBXFileReference; lastKnownFileType = sourcecode.swift; path = FullScreenControllerProtocol.swift; sourceTree = "<group>"; };
		326F5DD320FC828100D53495 /* PreviewBarProtocol.swift */ = {isa = PBXFileReference; lastKnownFileType = sourcecode.swift; path = PreviewBarProtocol.swift; sourceTree = "<group>"; };
		32AEB29F20FE094300ABFB69 /* FSIViewControllerDelegate.swift */ = {isa = PBXFileReference; lastKnownFileType = sourcecode.swift; path = FSIViewControllerDelegate.swift; sourceTree = "<group>"; };
		32B3835C20F38D900047B658 /* topBar.xib */ = {isa = PBXFileReference; lastKnownFileType = file.xib; path = topBar.xib; sourceTree = "<group>"; };
		32B3835E20F392FD0047B658 /* TopBar.swift */ = {isa = PBXFileReference; lastKnownFileType = sourcecode.swift; path = TopBar.swift; sourceTree = "<group>"; };
		32D4548320F6472100341C57 /* botomBar.xib */ = {isa = PBXFileReference; lastKnownFileType = file.xib; path = botomBar.xib; sourceTree = "<group>"; };
		32D4548520F649D200341C57 /* BottomBar.swift */ = {isa = PBXFileReference; lastKnownFileType = sourcecode.swift; path = BottomBar.swift; sourceTree = "<group>"; };
		32D59FD220EF4614007EEB88 /* CGSize.swift */ = {isa = PBXFileReference; lastKnownFileType = sourcecode.swift; path = CGSize.swift; sourceTree = "<group>"; };
		32D59FD920EF87BC007EEB88 /* PreviewBar.swift */ = {isa = PBXFileReference; lastKnownFileType = sourcecode.swift; path = PreviewBar.swift; sourceTree = "<group>"; };
		32E42CB020EE5E360078E3D7 /* ScrollView.swift */ = {isa = PBXFileReference; lastKnownFileType = sourcecode.swift; path = ScrollView.swift; sourceTree = "<group>"; };
		32E42CB220EE5F220078E3D7 /* ImageViewExtension.swift */ = {isa = PBXFileReference; lastKnownFileType = sourcecode.swift; path = ImageViewExtension.swift; sourceTree = "<group>"; };
		32F5D9EA20E240580029D8EF /* nasa-api.app */ = {isa = PBXFileReference; explicitFileType = wrapper.application; includeInIndex = 0; path = "nasa-api.app"; sourceTree = BUILT_PRODUCTS_DIR; };
		32F5D9ED20E240580029D8EF /* AppDelegate.swift */ = {isa = PBXFileReference; lastKnownFileType = sourcecode.swift; path = AppDelegate.swift; sourceTree = "<group>"; };
		32F5D9EF20E240580029D8EF /* ViewController.swift */ = {isa = PBXFileReference; lastKnownFileType = sourcecode.swift; path = ViewController.swift; sourceTree = "<group>"; };
		32F5D9F220E240580029D8EF /* Base */ = {isa = PBXFileReference; lastKnownFileType = file.storyboard; name = Base; path = Base.lproj/Main.storyboard; sourceTree = "<group>"; };
		32F5D9F420E2405A0029D8EF /* Assets.xcassets */ = {isa = PBXFileReference; lastKnownFileType = folder.assetcatalog; path = Assets.xcassets; sourceTree = "<group>"; };
		32F5D9F720E2405A0029D8EF /* Base */ = {isa = PBXFileReference; lastKnownFileType = file.storyboard; name = Base; path = Base.lproj/LaunchScreen.storyboard; sourceTree = "<group>"; };
		32F5D9F920E2405A0029D8EF /* Info.plist */ = {isa = PBXFileReference; lastKnownFileType = text.plist.xml; path = Info.plist; sourceTree = "<group>"; };
		32F5D9FF20E257800029D8EF /* ApodDAO.swift */ = {isa = PBXFileReference; lastKnownFileType = sourcecode.swift; path = ApodDAO.swift; sourceTree = "<group>"; };
		32F5DA0120E2584A0029D8EF /* ApodData.swift */ = {isa = PBXFileReference; lastKnownFileType = sourcecode.swift; path = ApodData.swift; sourceTree = "<group>"; };
		32F5DA0320E25E950029D8EF /* ApodDAOImpl.swift */ = {isa = PBXFileReference; lastKnownFileType = sourcecode.swift; path = ApodDAOImpl.swift; sourceTree = "<group>"; };
		32F5DA0620E27E6D0029D8EF /* FullScreenImageViewController.swift */ = {isa = PBXFileReference; lastKnownFileType = sourcecode.swift; path = FullScreenImageViewController.swift; sourceTree = "<group>"; };
		32F5DA0720E27E6D0029D8EF /* FullScreenImageViewController.xib */ = {isa = PBXFileReference; lastKnownFileType = file.xib; path = FullScreenImageViewController.xib; sourceTree = "<group>"; };
		99392B2E03D5FA013B2D9142 /* Pods-nasa-api.release.xcconfig */ = {isa = PBXFileReference; includeInIndex = 1; lastKnownFileType = text.xcconfig; name = "Pods-nasa-api.release.xcconfig"; path = "Pods/Target Support Files/Pods-nasa-api/Pods-nasa-api.release.xcconfig"; sourceTree = "<group>"; };
		C576D9E65153545657CF4F03 /* Pods_nasa_api.framework */ = {isa = PBXFileReference; explicitFileType = wrapper.framework; includeInIndex = 0; path = Pods_nasa_api.framework; sourceTree = BUILT_PRODUCTS_DIR; };
		DA796D1375F6CC282D828BCA /* Pods-nasa-api.debug.xcconfig */ = {isa = PBXFileReference; includeInIndex = 1; lastKnownFileType = text.xcconfig; name = "Pods-nasa-api.debug.xcconfig"; path = "Pods/Target Support Files/Pods-nasa-api/Pods-nasa-api.debug.xcconfig"; sourceTree = "<group>"; };
/* End PBXFileReference section */

/* Begin PBXFrameworksBuildPhase section */
		32F5D9E720E240580029D8EF /* Frameworks */ = {
			isa = PBXFrameworksBuildPhase;
			buildActionMask = 2147483647;
			files = (
				4453191368C9D3364A0BD5FD /* Pods_nasa_api.framework in Frameworks */,
			);
			runOnlyForDeploymentPostprocessing = 0;
		};
/* End PBXFrameworksBuildPhase section */

/* Begin PBXGroup section */
		324BCE4C20F8DA4A009C8D09 /* PreviewBar */ = {
			isa = PBXGroup;
			children = (
				32D59FD920EF87BC007EEB88 /* PreviewBar.swift */,
				32B3835E20F392FD0047B658 /* TopBar.swift */,
				32098DC220F5DC2400D4E0A5 /* PagesCounter.swift */,
				326F5DD320FC828100D53495 /* PreviewBarProtocol.swift */,
				32D4548520F649D200341C57 /* BottomBar.swift */,
			);
			path = PreviewBar;
			sourceTree = "<group>";
		};
		324BCE4D20F8DA64009C8D09 /* Auxiliary */ = {
			isa = PBXGroup;
			children = (
				32E42CB020EE5E360078E3D7 /* ScrollView.swift */,
				32E42CB220EE5F220078E3D7 /* ImageViewExtension.swift */,
				32D59FD220EF4614007EEB88 /* CGSize.swift */,
			);
			path = Auxiliary;
			sourceTree = "<group>";
		};
		32E42CAF20EE5E0C0078E3D7 /* FullScreenFramework */ = {
			isa = PBXGroup;
			children = (
				324BCE4D20F8DA64009C8D09 /* Auxiliary */,
				324BCE4C20F8DA4A009C8D09 /* PreviewBar */,
				32F5DA0620E27E6D0029D8EF /* FullScreenImageViewController.swift */,
				323419DA20F7380000F0399D /* ImagePreviewViewController.swift */,
				324BCE4E20F8DDAD009C8D09 /* FullScreenControllerProtocol.swift */,
				32AEB29F20FE094300ABFB69 /* FSIViewControllerDelegate.swift */,
			);
			path = FullScreenFramework;
			sourceTree = "<group>";
		};
		32F5D9E120E240580029D8EF = {
			isa = PBXGroup;
			children = (
				32F5D9EC20E240580029D8EF /* nasa-api */,
				32F5D9EB20E240580029D8EF /* Products */,
				E7BD16CC2C636A7EADFEBD40 /* Pods */,
				F96DE2EA453D51BE2AE86DCC /* Frameworks */,
			);
			sourceTree = "<group>";
		};
		32F5D9EB20E240580029D8EF /* Products */ = {
			isa = PBXGroup;
			children = (
				32F5D9EA20E240580029D8EF /* nasa-api.app */,
			);
			name = Products;
			sourceTree = "<group>";
		};
		32F5D9EC20E240580029D8EF /* nasa-api */ = {
			isa = PBXGroup;
			children = (
				32F5DA1020E3D85F0029D8EF /* view */,
				32F5DA0F20E3D8300029D8EF /* controll */,
				32F5DA0E20E3D8210029D8EF /* model */,
				32F5DA0520E266E10029D8EF /* support */,
			);
			path = "nasa-api";
			sourceTree = "<group>";
		};
		32F5DA0520E266E10029D8EF /* support */ = {
			isa = PBXGroup;
			children = (
				32F5D9ED20E240580029D8EF /* AppDelegate.swift */,
				32F5DA0720E27E6D0029D8EF /* FullScreenImageViewController.xib */,
				32F5D9F420E2405A0029D8EF /* Assets.xcassets */,
				32F5D9F620E2405A0029D8EF /* LaunchScreen.storyboard */,
				32F5D9F920E2405A0029D8EF /* Info.plist */,
				32B3835C20F38D900047B658 /* topBar.xib */,
				32D4548320F6472100341C57 /* botomBar.xib */,
			);
			path = support;
			sourceTree = "<group>";
		};
		32F5DA0E20E3D8210029D8EF /* model */ = {
			isa = PBXGroup;
			children = (
				32F5D9FF20E257800029D8EF /* ApodDAO.swift */,
				32F5DA0120E2584A0029D8EF /* ApodData.swift */,
				32F5DA0320E25E950029D8EF /* ApodDAOImpl.swift */,
			);
			path = model;
			sourceTree = "<group>";
		};
		32F5DA0F20E3D8300029D8EF /* controll */ = {
			isa = PBXGroup;
			children = (
				32F5D9EF20E240580029D8EF /* ViewController.swift */,
				32E42CAF20EE5E0C0078E3D7 /* FullScreenFramework */,
			);
			path = controll;
			sourceTree = "<group>";
		};
		32F5DA1020E3D85F0029D8EF /* view */ = {
			isa = PBXGroup;
			children = (
				32F5D9F120E240580029D8EF /* Main.storyboard */,
			);
			path = view;
			sourceTree = "<group>";
		};
		E7BD16CC2C636A7EADFEBD40 /* Pods */ = {
			isa = PBXGroup;
			children = (
				DA796D1375F6CC282D828BCA /* Pods-nasa-api.debug.xcconfig */,
				99392B2E03D5FA013B2D9142 /* Pods-nasa-api.release.xcconfig */,
			);
			name = Pods;
			sourceTree = "<group>";
		};
		F96DE2EA453D51BE2AE86DCC /* Frameworks */ = {
			isa = PBXGroup;
			children = (
				C576D9E65153545657CF4F03 /* Pods_nasa_api.framework */,
			);
			name = Frameworks;
			sourceTree = "<group>";
		};
/* End PBXGroup section */

/* Begin PBXNativeTarget section */
		32F5D9E920E240580029D8EF /* nasa-api */ = {
			isa = PBXNativeTarget;
			buildConfigurationList = 32F5D9FC20E2405A0029D8EF /* Build configuration list for PBXNativeTarget "nasa-api" */;
			buildPhases = (
				A26D947D615C157068E07B3F /* [CP] Check Pods Manifest.lock */,
				32F5D9E620E240580029D8EF /* Sources */,
				32F5D9E720E240580029D8EF /* Frameworks */,
				32F5D9E820E240580029D8EF /* Resources */,
				036528FD89FD7B60EB13F29A /* [CP] Embed Pods Frameworks */,
			);
			buildRules = (
			);
			dependencies = (
			);
			name = "nasa-api";
			productName = "nasa-api";
			productReference = 32F5D9EA20E240580029D8EF /* nasa-api.app */;
			productType = "com.apple.product-type.application";
		};
/* End PBXNativeTarget section */

/* Begin PBXProject section */
		32F5D9E220E240580029D8EF /* Project object */ = {
			isa = PBXProject;
			attributes = {
				LastSwiftUpdateCheck = 0940;
				LastUpgradeCheck = 0940;
				ORGANIZATIONNAME = "Uladzislau Kleshchanka";
				TargetAttributes = {
					32F5D9E920E240580029D8EF = {
						CreatedOnToolsVersion = 9.4.1;
					};
				};
			};
			buildConfigurationList = 32F5D9E520E240580029D8EF /* Build configuration list for PBXProject "nasa-api" */;
			compatibilityVersion = "Xcode 9.3";
			developmentRegion = en;
			hasScannedForEncodings = 0;
			knownRegions = (
				en,
				Base,
			);
			mainGroup = 32F5D9E120E240580029D8EF;
			productRefGroup = 32F5D9EB20E240580029D8EF /* Products */;
			projectDirPath = "";
			projectRoot = "";
			targets = (
				32F5D9E920E240580029D8EF /* nasa-api */,
			);
		};
/* End PBXProject section */

/* Begin PBXResourcesBuildPhase section */
		32F5D9E820E240580029D8EF /* Resources */ = {
			isa = PBXResourcesBuildPhase;
			buildActionMask = 2147483647;
			files = (
				32B3835D20F38D900047B658 /* topBar.xib in Resources */,
				32D4548420F6472100341C57 /* botomBar.xib in Resources */,
				32F5D9F820E2405A0029D8EF /* LaunchScreen.storyboard in Resources */,
				32F5D9F520E2405A0029D8EF /* Assets.xcassets in Resources */,
				32F5DA0920E27E6D0029D8EF /* FullScreenImageViewController.xib in Resources */,
				32F5D9F320E240580029D8EF /* Main.storyboard in Resources */,
			);
			runOnlyForDeploymentPostprocessing = 0;
		};
/* End PBXResourcesBuildPhase section */

/* Begin PBXShellScriptBuildPhase section */
		036528FD89FD7B60EB13F29A /* [CP] Embed Pods Frameworks */ = {
			isa = PBXShellScriptBuildPhase;
			buildActionMask = 2147483647;
			files = (
			);
			inputPaths = (
				"${SRCROOT}/Pods/Target Support Files/Pods-nasa-api/Pods-nasa-api-frameworks.sh",
				"${BUILT_PRODUCTS_DIR}/Alamofire/Alamofire.framework",
			);
			name = "[CP] Embed Pods Frameworks";
			outputPaths = (
				"${TARGET_BUILD_DIR}/${FRAMEWORKS_FOLDER_PATH}/Alamofire.framework",
			);
			runOnlyForDeploymentPostprocessing = 0;
			shellPath = /bin/sh;
			shellScript = "\"${SRCROOT}/Pods/Target Support Files/Pods-nasa-api/Pods-nasa-api-frameworks.sh\"\n";
			showEnvVarsInLog = 0;
		};
		A26D947D615C157068E07B3F /* [CP] Check Pods Manifest.lock */ = {
			isa = PBXShellScriptBuildPhase;
			buildActionMask = 2147483647;
			files = (
			);
			inputPaths = (
				"${PODS_PODFILE_DIR_PATH}/Podfile.lock",
				"${PODS_ROOT}/Manifest.lock",
			);
			name = "[CP] Check Pods Manifest.lock";
			outputPaths = (
				"$(DERIVED_FILE_DIR)/Pods-nasa-api-checkManifestLockResult.txt",
			);
			runOnlyForDeploymentPostprocessing = 0;
			shellPath = /bin/sh;
			shellScript = "diff \"${PODS_PODFILE_DIR_PATH}/Podfile.lock\" \"${PODS_ROOT}/Manifest.lock\" > /dev/null\nif [ $? != 0 ] ; then\n    # print error to STDERR\n    echo \"error: The sandbox is not in sync with the Podfile.lock. Run 'pod install' or update your CocoaPods installation.\" >&2\n    exit 1\nfi\n# This output is used by Xcode 'outputs' to avoid re-running this script phase.\necho \"SUCCESS\" > \"${SCRIPT_OUTPUT_FILE_0}\"\n";
			showEnvVarsInLog = 0;
		};
/* End PBXShellScriptBuildPhase section */

/* Begin PBXSourcesBuildPhase section */
		32F5D9E620E240580029D8EF /* Sources */ = {
			isa = PBXSourcesBuildPhase;
			buildActionMask = 2147483647;
			files = (
				32098DC320F5DC2400D4E0A5 /* PagesCounter.swift in Sources */,
				32F5D9F020E240580029D8EF /* ViewController.swift in Sources */,
				323419DB20F7380000F0399D /* ImagePreviewViewController.swift in Sources */,
				32E42CB120EE5E360078E3D7 /* ScrollView.swift in Sources */,
				32D59FD320EF4614007EEB88 /* CGSize.swift in Sources */,
				32F5DA0820E27E6D0029D8EF /* FullScreenImageViewController.swift in Sources */,
				32B3835F20F392FD0047B658 /* TopBar.swift in Sources */,
				32D59FDA20EF87BC007EEB88 /* PreviewBar.swift in Sources */,
				32F5DA0020E257800029D8EF /* ApodDAO.swift in Sources */,
				324BCE4F20F8DDAD009C8D09 /* FullScreenControllerProtocol.swift in Sources */,
				32F5DA0420E25E950029D8EF /* ApodDAOImpl.swift in Sources */,
				32F5D9EE20E240580029D8EF /* AppDelegate.swift in Sources */,
				326F5DD420FC828100D53495 /* PreviewBarProtocol.swift in Sources */,
				32AEB2A020FE094300ABFB69 /* FSIViewControllerDelegate.swift in Sources */,
				32D4548620F649D200341C57 /* BottomBar.swift in Sources */,
				32E42CB320EE5F220078E3D7 /* ImageViewExtension.swift in Sources */,
				32F5DA0220E2584A0029D8EF /* ApodData.swift in Sources */,
			);
			runOnlyForDeploymentPostprocessing = 0;
		};
/* End PBXSourcesBuildPhase section */

/* Begin PBXVariantGroup section */
		32F5D9F120E240580029D8EF /* Main.storyboard */ = {
			isa = PBXVariantGroup;
			children = (
				32F5D9F220E240580029D8EF /* Base */,
			);
			name = Main.storyboard;
			sourceTree = "<group>";
		};
		32F5D9F620E2405A0029D8EF /* LaunchScreen.storyboard */ = {
			isa = PBXVariantGroup;
			children = (
				32F5D9F720E2405A0029D8EF /* Base */,
			);
			name = LaunchScreen.storyboard;
			sourceTree = "<group>";
		};
/* End PBXVariantGroup section */

/* Begin XCBuildConfiguration section */
		32F5D9FA20E2405A0029D8EF /* Debug */ = {
			isa = XCBuildConfiguration;
			buildSettings = {
				ALWAYS_SEARCH_USER_PATHS = NO;
				CLANG_ANALYZER_NONNULL = YES;
				CLANG_ANALYZER_NUMBER_OBJECT_CONVERSION = YES_AGGRESSIVE;
				CLANG_CXX_LANGUAGE_STANDARD = "gnu++14";
				CLANG_CXX_LIBRARY = "libc++";
				CLANG_ENABLE_MODULES = YES;
				CLANG_ENABLE_OBJC_ARC = YES;
				CLANG_ENABLE_OBJC_WEAK = YES;
				CLANG_WARN_BLOCK_CAPTURE_AUTORELEASING = YES;
				CLANG_WARN_BOOL_CONVERSION = YES;
				CLANG_WARN_COMMA = YES;
				CLANG_WARN_CONSTANT_CONVERSION = YES;
				CLANG_WARN_DEPRECATED_OBJC_IMPLEMENTATIONS = YES;
				CLANG_WARN_DIRECT_OBJC_ISA_USAGE = YES_ERROR;
				CLANG_WARN_DOCUMENTATION_COMMENTS = YES;
				CLANG_WARN_EMPTY_BODY = YES;
				CLANG_WARN_ENUM_CONVERSION = YES;
				CLANG_WARN_INFINITE_RECURSION = YES;
				CLANG_WARN_INT_CONVERSION = YES;
				CLANG_WARN_NON_LITERAL_NULL_CONVERSION = YES;
				CLANG_WARN_OBJC_IMPLICIT_RETAIN_SELF = YES;
				CLANG_WARN_OBJC_LITERAL_CONVERSION = YES;
				CLANG_WARN_OBJC_ROOT_CLASS = YES_ERROR;
				CLANG_WARN_RANGE_LOOP_ANALYSIS = YES;
				CLANG_WARN_STRICT_PROTOTYPES = YES;
				CLANG_WARN_SUSPICIOUS_MOVE = YES;
				CLANG_WARN_UNGUARDED_AVAILABILITY = YES_AGGRESSIVE;
				CLANG_WARN_UNREACHABLE_CODE = YES;
				CLANG_WARN__DUPLICATE_METHOD_MATCH = YES;
				CODE_SIGN_IDENTITY = "iPhone Developer";
				COPY_PHASE_STRIP = NO;
				DEBUG_INFORMATION_FORMAT = dwarf;
				ENABLE_STRICT_OBJC_MSGSEND = YES;
				ENABLE_TESTABILITY = YES;
				GCC_C_LANGUAGE_STANDARD = gnu11;
				GCC_DYNAMIC_NO_PIC = NO;
				GCC_NO_COMMON_BLOCKS = YES;
				GCC_OPTIMIZATION_LEVEL = 0;
				GCC_PREPROCESSOR_DEFINITIONS = (
					"DEBUG=1",
					"$(inherited)",
				);
				GCC_WARN_64_TO_32_BIT_CONVERSION = YES;
				GCC_WARN_ABOUT_RETURN_TYPE = YES_ERROR;
				GCC_WARN_UNDECLARED_SELECTOR = YES;
				GCC_WARN_UNINITIALIZED_AUTOS = YES_AGGRESSIVE;
				GCC_WARN_UNUSED_FUNCTION = YES;
				GCC_WARN_UNUSED_VARIABLE = YES;
				IPHONEOS_DEPLOYMENT_TARGET = 11.4;
				MTL_ENABLE_DEBUG_INFO = YES;
				ONLY_ACTIVE_ARCH = YES;
				SDKROOT = iphoneos;
				SWIFT_ACTIVE_COMPILATION_CONDITIONS = DEBUG;
				SWIFT_OPTIMIZATION_LEVEL = "-Onone";
			};
			name = Debug;
		};
		32F5D9FB20E2405A0029D8EF /* Release */ = {
			isa = XCBuildConfiguration;
			buildSettings = {
				ALWAYS_SEARCH_USER_PATHS = NO;
				CLANG_ANALYZER_NONNULL = YES;
				CLANG_ANALYZER_NUMBER_OBJECT_CONVERSION = YES_AGGRESSIVE;
				CLANG_CXX_LANGUAGE_STANDARD = "gnu++14";
				CLANG_CXX_LIBRARY = "libc++";
				CLANG_ENABLE_MODULES = YES;
				CLANG_ENABLE_OBJC_ARC = YES;
				CLANG_ENABLE_OBJC_WEAK = YES;
				CLANG_WARN_BLOCK_CAPTURE_AUTORELEASING = YES;
				CLANG_WARN_BOOL_CONVERSION = YES;
				CLANG_WARN_COMMA = YES;
				CLANG_WARN_CONSTANT_CONVERSION = YES;
				CLANG_WARN_DEPRECATED_OBJC_IMPLEMENTATIONS = YES;
				CLANG_WARN_DIRECT_OBJC_ISA_USAGE = YES_ERROR;
				CLANG_WARN_DOCUMENTATION_COMMENTS = YES;
				CLANG_WARN_EMPTY_BODY = YES;
				CLANG_WARN_ENUM_CONVERSION = YES;
				CLANG_WARN_INFINITE_RECURSION = YES;
				CLANG_WARN_INT_CONVERSION = YES;
				CLANG_WARN_NON_LITERAL_NULL_CONVERSION = YES;
				CLANG_WARN_OBJC_IMPLICIT_RETAIN_SELF = YES;
				CLANG_WARN_OBJC_LITERAL_CONVERSION = YES;
				CLANG_WARN_OBJC_ROOT_CLASS = YES_ERROR;
				CLANG_WARN_RANGE_LOOP_ANALYSIS = YES;
				CLANG_WARN_STRICT_PROTOTYPES = YES;
				CLANG_WARN_SUSPICIOUS_MOVE = YES;
				CLANG_WARN_UNGUARDED_AVAILABILITY = YES_AGGRESSIVE;
				CLANG_WARN_UNREACHABLE_CODE = YES;
				CLANG_WARN__DUPLICATE_METHOD_MATCH = YES;
				CODE_SIGN_IDENTITY = "iPhone Developer";
				COPY_PHASE_STRIP = NO;
				DEBUG_INFORMATION_FORMAT = "dwarf-with-dsym";
				ENABLE_NS_ASSERTIONS = NO;
				ENABLE_STRICT_OBJC_MSGSEND = YES;
				GCC_C_LANGUAGE_STANDARD = gnu11;
				GCC_NO_COMMON_BLOCKS = YES;
				GCC_WARN_64_TO_32_BIT_CONVERSION = YES;
				GCC_WARN_ABOUT_RETURN_TYPE = YES_ERROR;
				GCC_WARN_UNDECLARED_SELECTOR = YES;
				GCC_WARN_UNINITIALIZED_AUTOS = YES_AGGRESSIVE;
				GCC_WARN_UNUSED_FUNCTION = YES;
				GCC_WARN_UNUSED_VARIABLE = YES;
				IPHONEOS_DEPLOYMENT_TARGET = 11.4;
				MTL_ENABLE_DEBUG_INFO = NO;
				SDKROOT = iphoneos;
				SWIFT_COMPILATION_MODE = wholemodule;
				SWIFT_OPTIMIZATION_LEVEL = "-O";
				VALIDATE_PRODUCT = YES;
			};
			name = Release;
		};
		32F5D9FD20E2405A0029D8EF /* Debug */ = {
			isa = XCBuildConfiguration;
			baseConfigurationReference = DA796D1375F6CC282D828BCA /* Pods-nasa-api.debug.xcconfig */;
			buildSettings = {
				ASSETCATALOG_COMPILER_APPICON_NAME = AppIcon;
				CODE_SIGN_STYLE = Automatic;
				DEVELOPMENT_TEAM = T7VR5AMBYN;
				INFOPLIST_FILE = "$(SRCROOT)/nasa-api/support/Info.plist";
				IPHONEOS_DEPLOYMENT_TARGET = 10.3;
				LD_RUNPATH_SEARCH_PATHS = (
					"$(inherited)",
					"@executable_path/Frameworks",
				);
				PRODUCT_BUNDLE_IDENTIFIER = "com.vladislavitsi.nasa-api";
				PRODUCT_NAME = "$(TARGET_NAME)";
				SWIFT_VERSION = 4.0;
				TARGETED_DEVICE_FAMILY = "1,2";
			};
			name = Debug;
		};
		32F5D9FE20E2405A0029D8EF /* Release */ = {
			isa = XCBuildConfiguration;
			baseConfigurationReference = 99392B2E03D5FA013B2D9142 /* Pods-nasa-api.release.xcconfig */;
			buildSettings = {
				ASSETCATALOG_COMPILER_APPICON_NAME = AppIcon;
				CODE_SIGN_STYLE = Automatic;
				DEVELOPMENT_TEAM = T7VR5AMBYN;
				INFOPLIST_FILE = "$(SRCROOT)/nasa-api/support/Info.plist";
				IPHONEOS_DEPLOYMENT_TARGET = 10.3;
				LD_RUNPATH_SEARCH_PATHS = (
					"$(inherited)",
					"@executable_path/Frameworks",
				);
				PRODUCT_BUNDLE_IDENTIFIER = "com.vladislavitsi.nasa-api";
				PRODUCT_NAME = "$(TARGET_NAME)";
				SWIFT_VERSION = 4.0;
				TARGETED_DEVICE_FAMILY = "1,2";
			};
			name = Release;
		};
/* End XCBuildConfiguration section */

/* Begin XCConfigurationList section */
		32F5D9E520E240580029D8EF /* Build configuration list for PBXProject "nasa-api" */ = {
			isa = XCConfigurationList;
			buildConfigurations = (
				32F5D9FA20E2405A0029D8EF /* Debug */,
				32F5D9FB20E2405A0029D8EF /* Release */,
			);
			defaultConfigurationIsVisible = 0;
			defaultConfigurationName = Release;
		};
		32F5D9FC20E2405A0029D8EF /* Build configuration list for PBXNativeTarget "nasa-api" */ = {
			isa = XCConfigurationList;
			buildConfigurations = (
				32F5D9FD20E2405A0029D8EF /* Debug */,
				32F5D9FE20E2405A0029D8EF /* Release */,
			);
			defaultConfigurationIsVisible = 0;
			defaultConfigurationName = Release;
		};
/* End XCConfigurationList section */
	};
	rootObject = 32F5D9E220E240580029D8EF /* Project object */;
}
